
Microsoft Visual Studio Solution File, Format Version 12.00
# Visual Studio Version 16
VisualStudioVersion = 16.0.29311.281
MinimumVisualStudioVersion = 10.0.40219.1
Project("{FAE04EC0-301F-11D3-BF4B-00C04F79EFBC}") = "RaycityFileLibrary", "RaycityFileLibrary\RaycityFileLibrary.csproj", "{1B556AE3-2E71-432F-9CD6-DE8E8DF4868A}"
EndProject
Project("{FAE04EC0-301F-11D3-BF4B-00C04F79EFBC}") = "JMDLoader", "JMDLoader\JMDLoader.csproj", "{661D5373-B195-404E-A187-BB28A5E258E9}"
EndProject
Global
	GlobalSection(SolutionConfigurationPlatforms) = preSolution
		Debug|Any CPU = Debug|Any CPU
		Release|Any CPU = Release|Any CPU
	EndGlobalSection
	GlobalSection(ProjectConfigurationPlatforms) = postSolution
		{1B556AE3-2E71-432F-9CD6-DE8E8DF4868A}.Debug|Any CPU.ActiveCfg = Debug|Any CPU
		{1B556AE3-2E71-432F-9CD6-DE8E8DF4868A}.Debug|Any CPU.Build.0 = Debug|Any CPU
		{1B556AE3-2E71-432F-9CD6-DE8E8DF4868A}.Release|Any CPU.ActiveCfg = Release|Any CPU
		{1B556AE3-2E71-432F-9CD6-DE8E8DF4868A}.Release|Any CPU.Build.0 = Release|Any CPU
		{661D5373-B195-404E-A187-BB28A5E258E9}.Debug|Any CPU.ActiveCfg = Debug|Any CPU
		{661D5373-B195-404E-A187-BB28A5E258E9}.Debug|Any CPU.Build.0 = Debug|Any CPU
		{661D5373-B195-404E-A187-BB28A5E258E9}.Release|Any CPU.ActiveCfg = Release|Any CPU
		{661D5373-B195-404E-A187-BB28A5E258E9}.Release|Any CPU.Build.0 = Release|Any CPU
	EndGlobalSection
	GlobalSection(SolutionProperties) = preSolution
		HideSolutionNode = FALSE
	EndGlobalSection
	GlobalSection(ExtensibilityGlobals) = postSolution
		SolutionGuid = {D0D57870-CCE6-4173-B9DD-E4D1951F7CC0}
	EndGlobalSection
EndGlobal
